// !$*UTF8*$!
{
	archiveVersion = 1;
	classes = {
	};
	objectVersion = 46;
	objects = {

/* Begin PBXBuildFile section */
		61989DF21A72CE46004DC659 /* AppDelegate.m in Sources */ = {isa = PBXBuildFile; fileRef = 61989DF11A72CE46004DC659 /* AppDelegate.m */; };
		61989DF41A72CE46004DC659 /* main.m in Sources */ = {isa = PBXBuildFile; fileRef = 61989DF31A72CE46004DC659 /* main.m */; };
		61989DF71A72CE46004DC659 /* GameScene.m in Sources */ = {isa = PBXBuildFile; fileRef = 61989DF61A72CE46004DC659 /* GameScene.m */; };
		61989DF91A72CE46004DC659 /* GameScene.sks in Resources */ = {isa = PBXBuildFile; fileRef = 61989DF81A72CE46004DC659 /* GameScene.sks */; };
		61989DFB1A72CE46004DC659 /* Images.xcassets in Resources */ = {isa = PBXBuildFile; fileRef = 61989DFA1A72CE46004DC659 /* Images.xcassets */; };
		61989DFE1A72CE46004DC659 /* MainMenu.xib in Resources */ = {isa = PBXBuildFile; fileRef = 61989DFC1A72CE46004DC659 /* MainMenu.xib */; };
		61989E0A1A72CE46004DC659 /* PAKeyboardManager_DemoTests.m in Sources */ = {isa = PBXBuildFile; fileRef = 61989E091A72CE46004DC659 /* PAKeyboardManager_DemoTests.m */; };
		61989E181A72CE9E004DC659 /* PAKeyboardManager.m in Sources */ = {isa = PBXBuildFile; fileRef = 61989E151A72CE9E004DC659 /* PAKeyboardManager.m */; };
		61989E1C1A72D1AF004DC659 /* MathUtils.m in Sources */ = {isa = PBXBuildFile; fileRef = 61989E1B1A72D1AF004DC659 /* MathUtils.m */; };
/* End PBXBuildFile section */

/* Begin PBXContainerItemProxy section */
		61989E041A72CE46004DC659 /* PBXContainerItemProxy */ = {
			isa = PBXContainerItemProxy;
			containerPortal = 61989DE31A72CE46004DC659 /* Project object */;
			proxyType = 1;
			remoteGlobalIDString = 61989DEA1A72CE46004DC659;
			remoteInfo = "PAKeyboardManager Demo";
		};
/* End PBXContainerItemProxy section */

/* Begin PBXFileReference section */
		61989DEB1A72CE46004DC659 /* PAKeyboardManager Demo.app */ = {isa = PBXFileReference; explicitFileType = wrapper.application; includeInIndex = 0; path = "PAKeyboardManager Demo.app"; sourceTree = BUILT_PRODUCTS_DIR; };
		61989DEF1A72CE46004DC659 /* Info.plist */ = {isa = PBXFileReference; lastKnownFileType = text.plist.xml; path = Info.plist; sourceTree = "<group>"; };
		61989DF01A72CE46004DC659 /* AppDelegate.h */ = {isa = PBXFileReference; lastKnownFileType = sourcecode.c.h; path = AppDelegate.h; sourceTree = "<group>"; };
		61989DF11A72CE46004DC659 /* AppDelegate.m */ = {isa = PBXFileReference; lastKnownFileType = sourcecode.c.objc; path = AppDelegate.m; sourceTree = "<group>"; };
		61989DF31A72CE46004DC659 /* main.m */ = {isa = PBXFileReference; lastKnownFileType = sourcecode.c.objc; path = main.m; sourceTree = "<group>"; };
		61989DF51A72CE46004DC659 /* GameScene.h */ = {isa = PBXFileReference; lastKnownFileType = sourcecode.c.h; path = GameScene.h; sourceTree = "<group>"; };
		61989DF61A72CE46004DC659 /* GameScene.m */ = {isa = PBXFileReference; lastKnownFileType = sourcecode.c.objc; path = GameScene.m; sourceTree = "<group>"; };
		61989DF81A72CE46004DC659 /* GameScene.sks */ = {isa = PBXFileReference; lastKnownFileType = file.sks; path = GameScene.sks; sourceTree = "<group>"; };
		61989DFA1A72CE46004DC659 /* Images.xcassets */ = {isa = PBXFileReference; lastKnownFileType = folder.assetcatalog; path = Images.xcassets; sourceTree = "<group>"; };
		61989DFD1A72CE46004DC659 /* Base */ = {isa = PBXFileReference; lastKnownFileType = file.xib; name = Base; path = Base.lproj/MainMenu.xib; sourceTree = "<group>"; };
		61989E031A72CE46004DC659 /* PAKeyboardManager DemoTests.xctest */ = {isa = PBXFileReference; explicitFileType = wrapper.cfbundle; includeInIndex = 0; path = "PAKeyboardManager DemoTests.xctest"; sourceTree = BUILT_PRODUCTS_DIR; };
		61989E081A72CE46004DC659 /* Info.plist */ = {isa = PBXFileReference; lastKnownFileType = text.plist.xml; path = Info.plist; sourceTree = "<group>"; };
		61989E091A72CE46004DC659 /* PAKeyboardManager_DemoTests.m */ = {isa = PBXFileReference; lastKnownFileType = sourcecode.c.objc; path = PAKeyboardManager_DemoTests.m; sourceTree = "<group>"; };
		61989E141A72CE9E004DC659 /* PAKeyboardManager.h */ = {isa = PBXFileReference; fileEncoding = 4; lastKnownFileType = sourcecode.c.h; path = PAKeyboardManager.h; sourceTree = "<group>"; };
		61989E151A72CE9E004DC659 /* PAKeyboardManager.m */ = {isa = PBXFileReference; fileEncoding = 4; lastKnownFileType = sourcecode.c.objc; path = PAKeyboardManager.m; sourceTree = "<group>"; };
		61989E1A1A72D1AF004DC659 /* MathUtils.h */ = {isa = PBXFileReference; fileEncoding = 4; lastKnownFileType = sourcecode.c.h; path = MathUtils.h; sourceTree = "<group>"; };
		61989E1B1A72D1AF004DC659 /* MathUtils.m */ = {isa = PBXFileReference; fileEncoding = 4; lastKnownFileType = sourcecode.c.objc; path = MathUtils.m; sourceTree = "<group>"; };
/* End PBXFileReference section */

/* Begin PBXFrameworksBuildPhase section */
		61989DE81A72CE46004DC659 /* Frameworks */ = {
			isa = PBXFrameworksBuildPhase;
			buildActionMask = 2147483647;
			files = (
			);
			runOnlyForDeploymentPostprocessing = 0;
		};
		61989E001A72CE46004DC659 /* Frameworks */ = {
			isa = PBXFrameworksBuildPhase;
			buildActionMask = 2147483647;
			files = (
			);
			runOnlyForDeploymentPostprocessing = 0;
		};
/* End PBXFrameworksBuildPhase section */

/* Begin PBXGroup section */
		61989DE21A72CE46004DC659 = {
			isa = PBXGroup;
			children = (
				61989DED1A72CE46004DC659 /* PAKeyboardManager Demo */,
				61989E061A72CE46004DC659 /* PAKeyboardManager DemoTests */,
				61989DEC1A72CE46004DC659 /* Products */,
			);
			sourceTree = "<group>";
		};
		61989DEC1A72CE46004DC659 /* Products */ = {
			isa = PBXGroup;
			children = (
				61989DEB1A72CE46004DC659 /* PAKeyboardManager Demo.app */,
				61989E031A72CE46004DC659 /* PAKeyboardManager DemoTests.xctest */,
			);
			name = Products;
			sourceTree = "<group>";
		};
		61989DED1A72CE46004DC659 /* PAKeyboardManager Demo */ = {
			isa = PBXGroup;
			children = (
				61989E131A72CE9E004DC659 /* PAKeyboardManager */,
				61989DF01A72CE46004DC659 /* AppDelegate.h */,
				61989DF11A72CE46004DC659 /* AppDelegate.m */,
				61989DF51A72CE46004DC659 /* GameScene.h */,
				61989DF61A72CE46004DC659 /* GameScene.m */,
				61989DF81A72CE46004DC659 /* GameScene.sks */,
				61989DFA1A72CE46004DC659 /* Images.xcassets */,
				61989DFC1A72CE46004DC659 /* MainMenu.xib */,
				61989DEE1A72CE46004DC659 /* Supporting Files */,
			);
			path = "PAKeyboardManager Demo";
			sourceTree = "<group>";
		};
		61989DEE1A72CE46004DC659 /* Supporting Files */ = {
			isa = PBXGroup;
			children = (
				61989DEF1A72CE46004DC659 /* Info.plist */,
				61989DF31A72CE46004DC659 /* main.m */,
			);
			name = "Supporting Files";
			sourceTree = "<group>";
		};
		61989E061A72CE46004DC659 /* PAKeyboardManager DemoTests */ = {
			isa = PBXGroup;
			children = (
				61989E091A72CE46004DC659 /* PAKeyboardManager_DemoTests.m */,
				61989E071A72CE46004DC659 /* Supporting Files */,
			);
			path = "PAKeyboardManager DemoTests";
			sourceTree = "<group>";
		};
		61989E071A72CE46004DC659 /* Supporting Files */ = {
			isa = PBXGroup;
			children = (
				61989E081A72CE46004DC659 /* Info.plist */,
			);
			name = "Supporting Files";
			sourceTree = "<group>";
		};
		61989E131A72CE9E004DC659 /* PAKeyboardManager */ = {
			isa = PBXGroup;
			children = (
				61989E141A72CE9E004DC659 /* PAKeyboardManager.h */,
				61989E151A72CE9E004DC659 /* PAKeyboardManager.m */,
				61989E1A1A72D1AF004DC659 /* MathUtils.h */,
				61989E1B1A72D1AF004DC659 /* MathUtils.m */,
			);
			path = PAKeyboardManager;
			sourceTree = "<group>";
		};
/* End PBXGroup section */

/* Begin PBXNativeTarget section */
		61989DEA1A72CE46004DC659 /* PAKeyboardManager Demo */ = {
			isa = PBXNativeTarget;
			buildConfigurationList = 61989E0D1A72CE46004DC659 /* Build configuration list for PBXNativeTarget "PAKeyboardManager Demo" */;
			buildPhases = (
				61989DE71A72CE46004DC659 /* Sources */,
				61989DE81A72CE46004DC659 /* Frameworks */,
				61989DE91A72CE46004DC659 /* Resources */,
			);
			buildRules = (
			);
			dependencies = (
			);
			name = "PAKeyboardManager Demo";
			productName = "PAKeyboardManager Demo";
			productReference = 61989DEB1A72CE46004DC659 /* PAKeyboardManager Demo.app */;
			productType = "com.apple.product-type.application";
		};
		61989E021A72CE46004DC659 /* PAKeyboardManager DemoTests */ = {
			isa = PBXNativeTarget;
			buildConfigurationList = 61989E101A72CE46004DC659 /* Build configuration list for PBXNativeTarget "PAKeyboardManager DemoTests" */;
			buildPhases = (
				61989DFF1A72CE46004DC659 /* Sources */,
				61989E001A72CE46004DC659 /* Frameworks */,
				61989E011A72CE46004DC659 /* Resources */,
			);
			buildRules = (
			);
			dependencies = (
				61989E051A72CE46004DC659 /* PBXTargetDependency */,
			);
			name = "PAKeyboardManager DemoTests";
			productName = "PAKeyboardManager DemoTests";
			productReference = 61989E031A72CE46004DC659 /* PAKeyboardManager DemoTests.xctest */;
			productType = "com.apple.product-type.bundle.unit-test";
		};
/* End PBXNativeTarget section */

/* Begin PBXProject section */
		61989DE31A72CE46004DC659 /* Project object */ = {
			isa = PBXProject;
			attributes = {
				LastUpgradeCheck = 0610;
				ORGANIZATIONNAME = "Pasquale Ambrosini";
				TargetAttributes = {
					61989DEA1A72CE46004DC659 = {
						CreatedOnToolsVersion = 6.1.1;
					};
					61989E021A72CE46004DC659 = {
						CreatedOnToolsVersion = 6.1.1;
						TestTargetID = 61989DEA1A72CE46004DC659;
					};
				};
			};
			buildConfigurationList = 61989DE61A72CE46004DC659 /* Build configuration list for PBXProject "PAKeyboardManager Demo" */;
			compatibilityVersion = "Xcode 3.2";
			developmentRegion = English;
			hasScannedForEncodings = 0;
			knownRegions = (
				en,
				Base,
			);
			mainGroup = 61989DE21A72CE46004DC659;
			productRefGroup = 61989DEC1A72CE46004DC659 /* Products */;
			projectDirPath = "";
			projectRoot = "";
			targets = (
				61989DEA1A72CE46004DC659 /* PAKeyboardManager Demo */,
				61989E021A72CE46004DC659 /* PAKeyboardManager DemoTests */,
			);
		};
/* End PBXProject section */

/* Begin PBXResourcesBuildPhase section */
		61989DE91A72CE46004DC659 /* Resources */ = {
			isa = PBXResourcesBuildPhase;
			buildActionMask = 2147483647;
			files = (
				61989DF91A72CE46004DC659 /* GameScene.sks in Resources */,
				61989DFB1A72CE46004DC659 /* Images.xcassets in Resources */,
				61989DFE1A72CE46004DC659 /* MainMenu.xib in Resources */,
			);
			runOnlyForDeploymentPostprocessing = 0;
		};
		61989E011A72CE46004DC659 /* Resources */ = {
			isa = PBXResourcesBuildPhase;
			buildActionMask = 2147483647;
			files = (
			);
			runOnlyForDeploymentPostprocessing = 0;
		};
/* End PBXResourcesBuildPhase section */

/* Begin PBXSourcesBuildPhase section */
		61989DE71A72CE46004DC659 /* Sources */ = {
			isa = PBXSourcesBuildPhase;
			buildActionMask = 2147483647;
			files = (
				61989DF41A72CE46004DC659 /* main.m in Sources */,
				61989E1C1A72D1AF004DC659 /* MathUtils.m in Sources */,
				61989DF71A72CE46004DC659 /* GameScene.m in Sources */,
				61989DF21A72CE46004DC659 /* AppDelegate.m in Sources */,
				61989E181A72CE9E004DC659 /* PAKeyboardManager.m in Sources */,
			);
			runOnlyForDeploymentPostprocessing = 0;
		};
		61989DFF1A72CE46004DC659 /* Sources */ = {
			isa = PBXSourcesBuildPhase;
			buildActionMask = 2147483647;
			files = (
				61989E0A1A72CE46004DC659 /* PAKeyboardManager_DemoTests.m in Sources */,
			);
			runOnlyForDeploymentPostprocessing = 0;
		};
/* End PBXSourcesBuildPhase section */

/* Begin PBXTargetDependency section */
		61989E051A72CE46004DC659 /* PBXTargetDependency */ = {
			isa = PBXTargetDependency;
			target = 61989DEA1A72CE46004DC659 /* PAKeyboardManager Demo */;
			targetProxy = 61989E041A72CE46004DC659 /* PBXContainerItemProxy */;
		};
/* End PBXTargetDependency section */

/* Begin PBXVariantGroup section */
		61989DFC1A72CE46004DC659 /* MainMenu.xib */ = {
			isa = PBXVariantGroup;
			children = (
				61989DFD1A72CE46004DC659 /* Base */,
			);
			name = MainMenu.xib;
			sourceTree = "<group>";
		};
/* End PBXVariantGroup section */

/* Begin XCBuildConfiguration section */
		61989E0B1A72CE46004DC659 /* Debug */ = {
			isa = XCBuildConfiguration;
			buildSettings = {
				ALWAYS_SEARCH_USER_PATHS = NO;
				CLANG_CXX_LANGUAGE_STANDARD = "gnu++0x";
				CLANG_CXX_LIBRARY = "libc++";
				CLANG_ENABLE_MODULES = YES;
				CLANG_ENABLE_OBJC_ARC = YES;
				CLANG_WARN_BOOL_CONVERSION = YES;
				CLANG_WARN_CONSTANT_CONVERSION = YES;
				CLANG_WARN_DIRECT_OBJC_ISA_USAGE = YES_ERROR;
				CLANG_WARN_EMPTY_BODY = YES;
				CLANG_WARN_ENUM_CONVERSION = YES;
				CLANG_WARN_INT_CONVERSION = YES;
				CLANG_WARN_OBJC_ROOT_CLASS = YES_ERROR;
				CLANG_WARN_UNREACHABLE_CODE = YES;
				CLANG_WARN__DUPLICATE_METHOD_MATCH = YES;
				CODE_SIGN_IDENTITY = "-";
				COPY_PHASE_STRIP = NO;
				ENABLE_STRICT_OBJC_MSGSEND = YES;
				GCC_C_LANGUAGE_STANDARD = gnu99;
				GCC_DYNAMIC_NO_PIC = NO;
				GCC_OPTIMIZATION_LEVEL = 0;
				GCC_PREPROCESSOR_DEFINITIONS = (
					"DEBUG=1",
					"$(inherited)",
				);
				GCC_SYMBOLS_PRIVATE_EXTERN = NO;
				GCC_WARN_64_TO_32_BIT_CONVERSION = YES;
				GCC_WARN_ABOUT_RETURN_TYPE = YES_ERROR;
				GCC_WARN_UNDECLARED_SELECTOR = YES;
				GCC_WARN_UNINITIALIZED_AUTOS = YES_AGGRESSIVE;
				GCC_WARN_UNUSED_FUNCTION = YES;
				GCC_WARN_UNUSED_VARIABLE = YES;
				MACOSX_DEPLOYMENT_TARGET = 10.10;
				MTL_ENABLE_DEBUG_INFO = YES;
				ONLY_ACTIVE_ARCH = YES;
				SDKROOT = macosx;
			};
			name = Debug;
		};
		61989E0C1A72CE46004DC659 /* Release */ = {
			isa = XCBuildConfiguration;
			buildSettings = {
				ALWAYS_SEARCH_USER_PATHS = NO;
				CLANG_CXX_LANGUAGE_STANDARD = "gnu++0x";
				CLANG_CXX_LIBRARY = "libc++";
				CLANG_ENABLE_MODULES = YES;
				CLANG_ENABLE_OBJC_ARC = YES;
				CLANG_WARN_BOOL_CONVERSION = YES;
				CLANG_WARN_CONSTANT_CONVERSION = YES;
				CLANG_WARN_DIRECT_OBJC_ISA_USAGE = YES_ERROR;
				CLANG_WARN_EMPTY_BODY = YES;
				CLANG_WARN_ENUM_CONVERSION = YES;
				CLANG_WARN_INT_CONVERSION = YES;
				CLANG_WARN_OBJC_ROOT_CLASS = YES_ERROR;
				CLANG_WARN_UNREACHABLE_CODE = YES;
				CLANG_WARN__DUPLICATE_METHOD_MATCH = YES;
				CODE_SIGN_IDENTITY = "-";
				COPY_PHASE_STRIP = YES;
				DEBUG_INFORMATION_FORMAT = "dwarf-with-dsym";
				ENABLE_NS_ASSERTIONS = NO;
				ENABLE_STRICT_OBJC_MSGSEND = YES;
				GCC_C_LANGUAGE_STANDARD = gnu99;
				GCC_WARN_64_TO_32_BIT_CONVERSION = YES;
				GCC_WARN_ABOUT_RETURN_TYPE = YES_ERROR;
				GCC_WARN_UNDECLARED_SELECTOR = YES;
				GCC_WARN_UNINITIALIZED_AUTOS = YES_AGGRESSIVE;
				GCC_WARN_UNUSED_FUNCTION = YES;
				GCC_WARN_UNUSED_VARIABLE = YES;
				MACOSX_DEPLOYMENT_TARGET = 10.10;
				MTL_ENABLE_DEBUG_INFO = NO;
				SDKROOT = macosx;
			};
			name = Release;
		};
		61989E0E1A72CE46004DC659 /* Debug */ = {
			isa = XCBuildConfiguration;
			buildSettings = {
				ASSETCATALOG_COMPILER_APPICON_NAME = AppIcon;
				COMBINE_HIDPI_IMAGES = YES;
				INFOPLIST_FILE = "PAKeyboardManager Demo/Info.plist";
				LD_RUNPATH_SEARCH_PATHS = "$(inherited) @executable_path/../Frameworks";
				PRODUCT_NAME = "$(TARGET_NAME)";
			};
			name = Debug;
		};
		61989E0F1A72CE46004DC659 /* Release */ = {
			isa = XCBuildConfiguration;
			buildSettings = {
				ASSETCATALOG_COMPILER_APPICON_NAME = AppIcon;
				COMBINE_HIDPI_IMAGES = YES;
				INFOPLIST_FILE = "PAKeyboardManager Demo/Info.plist";
				LD_RUNPATH_SEARCH_PATHS = "$(inherited) @executable_path/../Frameworks";
				PRODUCT_NAME = "$(TARGET_NAME)";
			};
			name = Release;
		};
		61989E111A72CE46004DC659 /* Debug */ = {
			isa = XCBuildConfiguration;
			buildSettings = {
				BUNDLE_LOADER = "$(TEST_HOST)";
				COMBINE_HIDPI_IMAGES = YES;
				FRAMEWORK_SEARCH_PATHS = (
					"$(DEVELOPER_FRAMEWORKS_DIR)",
					"$(inherited)",
				);
				GCC_PREPROCESSOR_DEFINITIONS = (
					"DEBUG=1",
					"$(inherited)",
				);
				INFOPLIST_FILE = "PAKeyboardManager DemoTests/Info.plist";
				LD_RUNPATH_SEARCH_PATHS = "$(inherited) @executable_path/../Frameworks @loader_path/../Frameworks";
				PRODUCT_NAME = "$(TARGET_NAME)";
				TEST_HOST = "$(BUILT_PRODUCTS_DIR)/PAKeyboardManager Demo.app/Contents/MacOS/PAKeyboardManager Demo";
			};
			name = Debug;
		};
		61989E121A72CE46004DC659 /* Release */ = {
			isa = XCBuildConfiguration;
			buildSettings = {
				BUNDLE_LOADER = "$(TEST_HOST)";
				COMBINE_HIDPI_IMAGES = YES;
				FRAMEWORK_SEARCH_PATHS = (
					"$(DEVELOPER_FRAMEWORKS_DIR)",
					"$(inherited)",
				);
				INFOPLIST_FILE = "PAKeyboardManager DemoTests/Info.plist";
				LD_RUNPATH_SEARCH_PATHS = "$(inherited) @executable_path/../Frameworks @loader_path/../Frameworks";
				PRODUCT_NAME = "$(TARGET_NAME)";
				TEST_HOST = "$(BUILT_PRODUCTS_DIR)/PAKeyboardManager Demo.app/Contents/MacOS/PAKeyboardManager Demo";
			};
			name = Release;
		};
/* End XCBuildConfiguration section */

/* Begin XCConfigurationList section */
		61989DE61A72CE46004DC659 /* Build configuration list for PBXProject "PAKeyboardManager Demo" */ = {
			isa = XCConfigurationList;
			buildConfigurations = (
				61989E0B1A72CE46004DC659 /* Debug */,
				61989E0C1A72CE46004DC659 /* Release */,
			);
			defaultConfigurationIsVisible = 0;
			defaultConfigurationName = Release;
		};
		61989E0D1A72CE46004DC659 /* Build configuration list for PBXNativeTarget "PAKeyboardManager Demo" */ = {
			isa = XCConfigurationList;
			buildConfigurations = (
				61989E0E1A72CE46004DC659 /* Debug */,
				61989E0F1A72CE46004DC659 /* Release */,
			);
			defaultConfigurationIsVisible = 0;
		};
		61989E101A72CE46004DC659 /* Build configuration list for PBXNativeTarget "PAKeyboardManager DemoTests" */ = {
			isa = XCConfigurationList;
			buildConfigurations = (
				61989E111A72CE46004DC659 /* Debug */,
				61989E121A72CE46004DC659 /* Release */,
			);
			defaultConfigurationIsVisible = 0;
		};
/* End XCConfigurationList section */
	};
	rootObject = 61989DE31A72CE46004DC659 /* Project object */;
}
